
Microsoft Visual Studio Solution File, Format Version 12.00
# Visual Studio Version 16
VisualStudioVersion = 16.0.31605.320
MinimumVisualStudioVersion = 10.0.40219.1
Project("{9A19103F-16F7-4668-BE54-9A1E7A4F7556}") = "URLShortener", "URLShortener\URLShortener.csproj", "{1604C172-3520-40CD-8B8C-88727A040CA8}"
EndProject
Global
	GlobalSection(SolutionConfigurationPlatforms) = preSolution
		Debug|Any CPU = Debug|Any CPU
		Release|Any CPU = Release|Any CPU
	EndGlobalSection
	GlobalSection(ProjectConfigurationPlatforms) = postSolution
		{1604C172-3520-40CD-8B8C-88727A040CA8}.Debug|Any CPU.ActiveCfg = Debug|Any CPU
		{1604C172-3520-40CD-8B8C-88727A040CA8}.Debug|Any CPU.Build.0 = Debug|Any CPU
		{1604C172-3520-40CD-8B8C-88727A040CA8}.Release|Any CPU.ActiveCfg = Release|Any CPU
		{1604C172-3520-40CD-8B8C-88727A040CA8}.Release|Any CPU.Build.0 = Release|Any CPU
	EndGlobalSection
	GlobalSection(SolutionProperties) = preSolution
		HideSolutionNode = FALSE
	EndGlobalSection
	GlobalSection(ExtensibilityGlobals) = postSolution
		SolutionGuid = {3258A345-8A80-463B-899B-EB2EF50DED58}
	EndGlobalSection
EndGlobal
